
Microsoft Visual Studio Solution File, Format Version 12.00
Project("{FAE04EC0-301F-11D3-BF4B-00C04F79EFBC}") = "BotConstructor", "BotConstructor\BotConstructor.csproj", "{29BB8A43-66BD-44BE-A13B-3244E0D80853}"
EndProject
Global
	GlobalSection(SolutionConfigurationPlatforms) = preSolution
		Debug|Any CPU = Debug|Any CPU
		Release|Any CPU = Release|Any CPU
	EndGlobalSection
	GlobalSection(ProjectConfigurationPlatforms) = postSolution
		{29BB8A43-66BD-44BE-A13B-3244E0D80853}.Debug|Any CPU.ActiveCfg = Debug|Any CPU
		{29BB8A43-66BD-44BE-A13B-3244E0D80853}.Debug|Any CPU.Build.0 = Debug|Any CPU
		{29BB8A43-66BD-44BE-A13B-3244E0D80853}.Release|Any CPU.ActiveCfg = Release|Any CPU
		{29BB8A43-66BD-44BE-A13B-3244E0D80853}.Release|Any CPU.Build.0 = Release|Any CPU
	EndGlobalSection
EndGlobal
